
Microsoft Visual Studio Solution File, Format Version 12.00
# Visual Studio Version 17
VisualStudioVersion = 17.11.35303.130
MinimumVisualStudioVersion = 10.0.40219.1
Project("{2150E333-8FDC-42A3-9474-1A3956D46DE8}") = "Applications", "Applications", "{27C6F8AF-4407-4698-8FB6-F3B8341187E9}"
EndProject
Project("{2150E333-8FDC-42A3-9474-1A3956D46DE8}") = "Libraries", "Libraries", "{92383174-29B9-455B-A374-602C22D4E2D0}"
EndProject
Project("{9A19103F-16F7-4668-BE54-9A1E7A4F7556}") = "SV21T1020052.web", "SV21T1020052.web\SV21T1020052.web.csproj", "{0C7A6147-1E90-4FB7-A88F-7735C5779146}"
EndProject
Project("{9A19103F-16F7-4668-BE54-9A1E7A4F7556}") = "SV21T1020052.DomainModels", "SV21T1020052.DomainModels\SV21T1020052.DomainModels.csproj", "{C390F7FF-C6B9-4006-B721-C29C407542CD}"
EndProject
Project("{9A19103F-16F7-4668-BE54-9A1E7A4F7556}") = "SV21T1020052.DataLayers", "SV21T1020052.DataLayers\SV21T1020052.DataLayers.csproj", "{B3F990D9-7B1B-4B3B-BA5A-EA42C8CA7F1E}"
EndProject
Project("{9A19103F-16F7-4668-BE54-9A1E7A4F7556}") = "SV21T1020052.BusinessLayers", "SV21T1020052.BusinessLayers\SV21T1020052.BusinessLayers.csproj", "{44D3812A-4462-4AAF-AF17-B3BAAF01619D}"
EndProject
Project("{FAE04EC0-301F-11D3-BF4B-00C04F79EFBC}") = "SV21T1020052.Shop", "SV21T1020052.Shop\SV21T1020052.Shop.csproj", "{F52E418B-C5B9-43D7-8E79-DA9D32DD8635}"
EndProject
Global
	GlobalSection(SolutionConfigurationPlatforms) = preSolution
		Debug|Any CPU = Debug|Any CPU
		Release|Any CPU = Release|Any CPU
	EndGlobalSection
	GlobalSection(ProjectConfigurationPlatforms) = postSolution
		{0C7A6147-1E90-4FB7-A88F-7735C5779146}.Debug|Any CPU.ActiveCfg = Debug|Any CPU
		{0C7A6147-1E90-4FB7-A88F-7735C5779146}.Debug|Any CPU.Build.0 = Debug|Any CPU
		{0C7A6147-1E90-4FB7-A88F-7735C5779146}.Release|Any CPU.ActiveCfg = Release|Any CPU
		{0C7A6147-1E90-4FB7-A88F-7735C5779146}.Release|Any CPU.Build.0 = Release|Any CPU
		{C390F7FF-C6B9-4006-B721-C29C407542CD}.Debug|Any CPU.ActiveCfg = Debug|Any CPU
		{C390F7FF-C6B9-4006-B721-C29C407542CD}.Debug|Any CPU.Build.0 = Debug|Any CPU
		{C390F7FF-C6B9-4006-B721-C29C407542CD}.Release|Any CPU.ActiveCfg = Release|Any CPU
		{C390F7FF-C6B9-4006-B721-C29C407542CD}.Release|Any CPU.Build.0 = Release|Any CPU
		{B3F990D9-7B1B-4B3B-BA5A-EA42C8CA7F1E}.Debug|Any CPU.ActiveCfg = Debug|Any CPU
		{B3F990D9-7B1B-4B3B-BA5A-EA42C8CA7F1E}.Debug|Any CPU.Build.0 = Debug|Any CPU
		{B3F990D9-7B1B-4B3B-BA5A-EA42C8CA7F1E}.Release|Any CPU.ActiveCfg = Release|Any CPU
		{B3F990D9-7B1B-4B3B-BA5A-EA42C8CA7F1E}.Release|Any CPU.Build.0 = Release|Any CPU
		{44D3812A-4462-4AAF-AF17-B3BAAF01619D}.Debug|Any CPU.ActiveCfg = Debug|Any CPU
		{44D3812A-4462-4AAF-AF17-B3BAAF01619D}.Debug|Any CPU.Build.0 = Debug|Any CPU
		{44D3812A-4462-4AAF-AF17-B3BAAF01619D}.Release|Any CPU.ActiveCfg = Release|Any CPU
		{44D3812A-4462-4AAF-AF17-B3BAAF01619D}.Release|Any CPU.Build.0 = Release|Any CPU
		{F52E418B-C5B9-43D7-8E79-DA9D32DD8635}.Debug|Any CPU.ActiveCfg = Debug|Any CPU
		{F52E418B-C5B9-43D7-8E79-DA9D32DD8635}.Debug|Any CPU.Build.0 = Debug|Any CPU
		{F52E418B-C5B9-43D7-8E79-DA9D32DD8635}.Release|Any CPU.ActiveCfg = Release|Any CPU
		{F52E418B-C5B9-43D7-8E79-DA9D32DD8635}.Release|Any CPU.Build.0 = Release|Any CPU
	EndGlobalSection
	GlobalSection(SolutionProperties) = preSolution
		HideSolutionNode = FALSE
	EndGlobalSection
	GlobalSection(NestedProjects) = preSolution
		{0C7A6147-1E90-4FB7-A88F-7735C5779146} = {27C6F8AF-4407-4698-8FB6-F3B8341187E9}
		{C390F7FF-C6B9-4006-B721-C29C407542CD} = {92383174-29B9-455B-A374-602C22D4E2D0}
		{B3F990D9-7B1B-4B3B-BA5A-EA42C8CA7F1E} = {92383174-29B9-455B-A374-602C22D4E2D0}
		{44D3812A-4462-4AAF-AF17-B3BAAF01619D} = {92383174-29B9-455B-A374-602C22D4E2D0}
		{F52E418B-C5B9-43D7-8E79-DA9D32DD8635} = {27C6F8AF-4407-4698-8FB6-F3B8341187E9}
	EndGlobalSection
	GlobalSection(ExtensibilityGlobals) = postSolution
		SolutionGuid = {CB2F5306-3959-4574-975B-CD5A58826109}
	EndGlobalSection
EndGlobal
